// !$*UTF8*$!
{
	archiveVersion = 1;
	classes = {
	};
	objectVersion = 51;
	objects = {

/* Begin PBXBuildFile section */
		6F2999CE07A65266BDA5BD58 /* libPods-FirstSwift.a in Frameworks */ = {isa = PBXBuildFile; fileRef = F99DAF6F02571A97143F04A7 /* libPods-FirstSwift.a */; };
		ED889C2E25382CA500CBE2F5 /* BaseController.swift in Sources */ = {isa = PBXBuildFile; fileRef = ED889C2D25382CA500CBE2F5 /* BaseController.swift */; };
		ED889C3725382DF200CBE2F5 /* Global.swift in Sources */ = {isa = PBXBuildFile; fileRef = ED889C3625382DF200CBE2F5 /* Global.swift */; };
		ED889C432538332F00CBE2F5 /* CommunityVC.swift in Sources */ = {isa = PBXBuildFile; fileRef = ED889C422538332F00CBE2F5 /* CommunityVC.swift */; };
		ED889C4B2538334B00CBE2F5 /* HomeVC.swift in Sources */ = {isa = PBXBuildFile; fileRef = ED889C4A2538334B00CBE2F5 /* HomeVC.swift */; };
		ED889C502538336900CBE2F5 /* BookRackVC.swift in Sources */ = {isa = PBXBuildFile; fileRef = ED889C4F2538336900CBE2F5 /* BookRackVC.swift */; };
		ED889C552538337700CBE2F5 /* MineVC.swift in Sources */ = {isa = PBXBuildFile; fileRef = ED889C542538337700CBE2F5 /* MineVC.swift */; };
		ED889C9C253842A300CBE2F5 /* SceneDelegate.swift in Sources */ = {isa = PBXBuildFile; fileRef = ED889C9B253842A300CBE2F5 /* SceneDelegate.swift */; };
		EDDA8B4A2537F5600027995F /* TabBarController.swift in Sources */ = {isa = PBXBuildFile; fileRef = EDDA8B492537F5600027995F /* TabBarController.swift */; };
		EDDA8B4F2537F6520027995F /* NaviController.swift in Sources */ = {isa = PBXBuildFile; fileRef = EDDA8B4E2537F6520027995F /* NaviController.swift */; };
		EDDA8B562537FFB30027995F /* UIColorExtension.swift in Sources */ = {isa = PBXBuildFile; fileRef = EDDA8B552537FFB30027995F /* UIColorExtension.swift */; };
		EDE57A832504E46900572E83 /* AppDelegate.swift in Sources */ = {isa = PBXBuildFile; fileRef = EDE57A822504E46900572E83 /* AppDelegate.swift */; };
		EDE57A872504E46900572E83 /* ViewController.swift in Sources */ = {isa = PBXBuildFile; fileRef = EDE57A862504E46900572E83 /* ViewController.swift */; };
		EDE57A8A2504E46900572E83 /* Main.storyboard in Resources */ = {isa = PBXBuildFile; fileRef = EDE57A882504E46900572E83 /* Main.storyboard */; };
		EDE57A8C2504E47000572E83 /* Assets.xcassets in Resources */ = {isa = PBXBuildFile; fileRef = EDE57A8B2504E47000572E83 /* Assets.xcassets */; };
		EDE57A8F2504E47000572E83 /* LaunchScreen.storyboard in Resources */ = {isa = PBXBuildFile; fileRef = EDE57A8D2504E47000572E83 /* LaunchScreen.storyboard */; };
		EDE57A9A2504E47000572E83 /* FirstSwiftTests.swift in Sources */ = {isa = PBXBuildFile; fileRef = EDE57A992504E47000572E83 /* FirstSwiftTests.swift */; };
		EDE57AA52504E47000572E83 /* FirstSwiftUITests.swift in Sources */ = {isa = PBXBuildFile; fileRef = EDE57AA42504E47000572E83 /* FirstSwiftUITests.swift */; };
/* End PBXBuildFile section */

/* Begin PBXContainerItemProxy section */
		EDE57A962504E47000572E83 /* PBXContainerItemProxy */ = {
			isa = PBXContainerItemProxy;
			containerPortal = EDE57A772504E46900572E83 /* Project object */;
			proxyType = 1;
			remoteGlobalIDString = EDE57A7E2504E46900572E83;
			remoteInfo = FirstSwift;
		};
		EDE57AA12504E47000572E83 /* PBXContainerItemProxy */ = {
			isa = PBXContainerItemProxy;
			containerPortal = EDE57A772504E46900572E83 /* Project object */;
			proxyType = 1;
			remoteGlobalIDString = EDE57A7E2504E46900572E83;
			remoteInfo = FirstSwift;
		};
/* End PBXContainerItemProxy section */

/* Begin PBXFileReference section */
		69B6CD554E2B82699547D672 /* Pods-FirstSwift.release.xcconfig */ = {isa = PBXFileReference; includeInIndex = 1; lastKnownFileType = text.xcconfig; name = "Pods-FirstSwift.release.xcconfig"; path = "Target Support Files/Pods-FirstSwift/Pods-FirstSwift.release.xcconfig"; sourceTree = "<group>"; };
		A0D8BD94B941BA94EAA9A2CB /* Pods-FirstSwift.debug.xcconfig */ = {isa = PBXFileReference; includeInIndex = 1; lastKnownFileType = text.xcconfig; name = "Pods-FirstSwift.debug.xcconfig"; path = "Target Support Files/Pods-FirstSwift/Pods-FirstSwift.debug.xcconfig"; sourceTree = "<group>"; };
		ED889C2D25382CA500CBE2F5 /* BaseController.swift */ = {isa = PBXFileReference; lastKnownFileType = sourcecode.swift; path = BaseController.swift; sourceTree = "<group>"; };
		ED889C3625382DF200CBE2F5 /* Global.swift */ = {isa = PBXFileReference; lastKnownFileType = sourcecode.swift; path = Global.swift; sourceTree = "<group>"; };
		ED889C422538332F00CBE2F5 /* CommunityVC.swift */ = {isa = PBXFileReference; lastKnownFileType = sourcecode.swift; path = CommunityVC.swift; sourceTree = "<group>"; };
		ED889C4A2538334B00CBE2F5 /* HomeVC.swift */ = {isa = PBXFileReference; lastKnownFileType = sourcecode.swift; path = HomeVC.swift; sourceTree = "<group>"; };
		ED889C4F2538336900CBE2F5 /* BookRackVC.swift */ = {isa = PBXFileReference; lastKnownFileType = sourcecode.swift; path = BookRackVC.swift; sourceTree = "<group>"; };
		ED889C542538337700CBE2F5 /* MineVC.swift */ = {isa = PBXFileReference; lastKnownFileType = sourcecode.swift; path = MineVC.swift; sourceTree = "<group>"; };
		ED889C9B253842A300CBE2F5 /* SceneDelegate.swift */ = {isa = PBXFileReference; fileEncoding = 4; lastKnownFileType = sourcecode.swift; path = SceneDelegate.swift; sourceTree = "<group>"; };
		EDDA8B492537F5600027995F /* TabBarController.swift */ = {isa = PBXFileReference; lastKnownFileType = sourcecode.swift; path = TabBarController.swift; sourceTree = "<group>"; };
		EDDA8B4E2537F6520027995F /* NaviController.swift */ = {isa = PBXFileReference; lastKnownFileType = sourcecode.swift; path = NaviController.swift; sourceTree = "<group>"; };
		EDDA8B552537FFB30027995F /* UIColorExtension.swift */ = {isa = PBXFileReference; fileEncoding = 4; lastKnownFileType = sourcecode.swift; path = UIColorExtension.swift; sourceTree = "<group>"; };
		EDE57A7F2504E46900572E83 /* FirstSwift.app */ = {isa = PBXFileReference; explicitFileType = wrapper.application; includeInIndex = 0; path = FirstSwift.app; sourceTree = BUILT_PRODUCTS_DIR; };
		EDE57A822504E46900572E83 /* AppDelegate.swift */ = {isa = PBXFileReference; lastKnownFileType = sourcecode.swift; path = AppDelegate.swift; sourceTree = "<group>"; };
		EDE57A862504E46900572E83 /* ViewController.swift */ = {isa = PBXFileReference; lastKnownFileType = sourcecode.swift; path = ViewController.swift; sourceTree = "<group>"; };
		EDE57A892504E46900572E83 /* Base */ = {isa = PBXFileReference; lastKnownFileType = file.storyboard; name = Base; path = Base.lproj/Main.storyboard; sourceTree = "<group>"; };
		EDE57A8B2504E47000572E83 /* Assets.xcassets */ = {isa = PBXFileReference; lastKnownFileType = folder.assetcatalog; path = Assets.xcassets; sourceTree = "<group>"; };
		EDE57A8E2504E47000572E83 /* Base */ = {isa = PBXFileReference; lastKnownFileType = file.storyboard; name = Base; path = Base.lproj/LaunchScreen.storyboard; sourceTree = "<group>"; };
		EDE57A902504E47000572E83 /* Info.plist */ = {isa = PBXFileReference; lastKnownFileType = text.plist.xml; path = Info.plist; sourceTree = "<group>"; };
		EDE57A952504E47000572E83 /* FirstSwiftTests.xctest */ = {isa = PBXFileReference; explicitFileType = wrapper.cfbundle; includeInIndex = 0; path = FirstSwiftTests.xctest; sourceTree = BUILT_PRODUCTS_DIR; };
		EDE57A992504E47000572E83 /* FirstSwiftTests.swift */ = {isa = PBXFileReference; lastKnownFileType = sourcecode.swift; path = FirstSwiftTests.swift; sourceTree = "<group>"; };
		EDE57A9B2504E47000572E83 /* Info.plist */ = {isa = PBXFileReference; lastKnownFileType = text.plist.xml; path = Info.plist; sourceTree = "<group>"; };
		EDE57AA02504E47000572E83 /* FirstSwiftUITests.xctest */ = {isa = PBXFileReference; explicitFileType = wrapper.cfbundle; includeInIndex = 0; path = FirstSwiftUITests.xctest; sourceTree = BUILT_PRODUCTS_DIR; };
		EDE57AA42504E47000572E83 /* FirstSwiftUITests.swift */ = {isa = PBXFileReference; lastKnownFileType = sourcecode.swift; path = FirstSwiftUITests.swift; sourceTree = "<group>"; };
		EDE57AA62504E47000572E83 /* Info.plist */ = {isa = PBXFileReference; lastKnownFileType = text.plist.xml; path = Info.plist; sourceTree = "<group>"; };
		F99DAF6F02571A97143F04A7 /* libPods-FirstSwift.a */ = {isa = PBXFileReference; explicitFileType = archive.ar; includeInIndex = 0; path = "libPods-FirstSwift.a"; sourceTree = BUILT_PRODUCTS_DIR; };
/* End PBXFileReference section */

/* Begin PBXFrameworksBuildPhase section */
		EDE57A7C2504E46900572E83 /* Frameworks */ = {
			isa = PBXFrameworksBuildPhase;
			buildActionMask = 2147483647;
			files = (
				6F2999CE07A65266BDA5BD58 /* libPods-FirstSwift.a in Frameworks */,
			);
			runOnlyForDeploymentPostprocessing = 0;
		};
		EDE57A922504E47000572E83 /* Frameworks */ = {
			isa = PBXFrameworksBuildPhase;
			buildActionMask = 2147483647;
			files = (
			);
			runOnlyForDeploymentPostprocessing = 0;
		};
		EDE57A9D2504E47000572E83 /* Frameworks */ = {
			isa = PBXFrameworksBuildPhase;
			buildActionMask = 2147483647;
			files = (
			);
			runOnlyForDeploymentPostprocessing = 0;
		};
/* End PBXFrameworksBuildPhase section */

/* Begin PBXGroup section */
		54661336C47755C3A9E11867 /* Pods */ = {
			isa = PBXGroup;
			children = (
				A0D8BD94B941BA94EAA9A2CB /* Pods-FirstSwift.debug.xcconfig */,
				69B6CD554E2B82699547D672 /* Pods-FirstSwift.release.xcconfig */,
			);
			path = Pods;
			sourceTree = "<group>";
		};
		ED889C3325382D5C00CBE2F5 /* Other */ = {
			isa = PBXGroup;
			children = (
				ED889C3625382DF200CBE2F5 /* Global.swift */,
			);
			path = Other;
			sourceTree = "<group>";
		};
		ED889C3E2538327600CBE2F5 /* Mine */ = {
			isa = PBXGroup;
			children = (
				ED889C542538337700CBE2F5 /* MineVC.swift */,
			);
			path = Mine;
			sourceTree = "<group>";
		};
		ED889C3F2538328200CBE2F5 /* BookRack */ = {
			isa = PBXGroup;
			children = (
				ED889C4F2538336900CBE2F5 /* BookRackVC.swift */,
			);
			path = BookRack;
			sourceTree = "<group>";
		};
		ED889C402538328700CBE2F5 /* Home */ = {
			isa = PBXGroup;
			children = (
				ED889C4A2538334B00CBE2F5 /* HomeVC.swift */,
			);
			path = Home;
			sourceTree = "<group>";
		};
		ED889C412538328C00CBE2F5 /* Community */ = {
			isa = PBXGroup;
			children = (
				ED889C422538332F00CBE2F5 /* CommunityVC.swift */,
			);
			path = Community;
			sourceTree = "<group>";
		};
		EDDA8B422537F4D70027995F /* Controller */ = {
			isa = PBXGroup;
			children = (
				ED889C412538328C00CBE2F5 /* Community */,
				ED889C402538328700CBE2F5 /* Home */,
				ED889C3F2538328200CBE2F5 /* BookRack */,
				ED889C3E2538327600CBE2F5 /* Mine */,
				EDDA8B432537F4E80027995F /* Main */,
			);
			path = Controller;
			sourceTree = "<group>";
		};
		EDDA8B432537F4E80027995F /* Main */ = {
			isa = PBXGroup;
			children = (
				EDDA8B492537F5600027995F /* TabBarController.swift */,
				EDDA8B4E2537F6520027995F /* NaviController.swift */,
				ED889C2D25382CA500CBE2F5 /* BaseController.swift */,
			);
			path = Main;
			sourceTree = "<group>";
		};
		EDDA8B532537FF810027995F /* Common */ = {
			isa = PBXGroup;
			children = (
				EDDA8B542537FF8F0027995F /* Extension */,
			);
			path = Common;
			sourceTree = "<group>";
		};
		EDDA8B542537FF8F0027995F /* Extension */ = {
			isa = PBXGroup;
			children = (
				EDDA8B552537FFB30027995F /* UIColorExtension.swift */,
			);
			path = Extension;
			sourceTree = "<group>";
		};
		EDE57A762504E46900572E83 = {
			isa = PBXGroup;
			children = (
				EDE57A812504E46900572E83 /* FirstSwift */,
				EDE57A982504E47000572E83 /* FirstSwiftTests */,
				EDE57AA32504E47000572E83 /* FirstSwiftUITests */,
				EDE57A802504E46900572E83 /* Products */,
				54661336C47755C3A9E11867 /* Pods */,
				FB5D28DC8C4F0D39E1966C1B /* Frameworks */,
			);
			sourceTree = "<group>";
		};
		EDE57A802504E46900572E83 /* Products */ = {
			isa = PBXGroup;
			children = (
				EDE57A7F2504E46900572E83 /* FirstSwift.app */,
				EDE57A952504E47000572E83 /* FirstSwiftTests.xctest */,
				EDE57AA02504E47000572E83 /* FirstSwiftUITests.xctest */,
			);
			name = Products;
			sourceTree = "<group>";
		};
		EDE57A812504E46900572E83 /* FirstSwift */ = {
			isa = PBXGroup;
			children = (
				ED889C3325382D5C00CBE2F5 /* Other */,
				EDDA8B532537FF810027995F /* Common */,
				EDDA8B422537F4D70027995F /* Controller */,
				EDE57A822504E46900572E83 /* AppDelegate.swift */,
				ED889C9B253842A300CBE2F5 /* SceneDelegate.swift */,
				EDE57A862504E46900572E83 /* ViewController.swift */,
				EDE57A882504E46900572E83 /* Main.storyboard */,
				EDE57A8B2504E47000572E83 /* Assets.xcassets */,
				EDE57A8D2504E47000572E83 /* LaunchScreen.storyboard */,
				EDE57A902504E47000572E83 /* Info.plist */,
			);
			path = FirstSwift;
			sourceTree = "<group>";
		};
		EDE57A982504E47000572E83 /* FirstSwiftTests */ = {
			isa = PBXGroup;
			children = (
				EDE57A992504E47000572E83 /* FirstSwiftTests.swift */,
				EDE57A9B2504E47000572E83 /* Info.plist */,
			);
			path = FirstSwiftTests;
			sourceTree = "<group>";
		};
		EDE57AA32504E47000572E83 /* FirstSwiftUITests */ = {
			isa = PBXGroup;
			children = (
				EDE57AA42504E47000572E83 /* FirstSwiftUITests.swift */,
				EDE57AA62504E47000572E83 /* Info.plist */,
			);
			path = FirstSwiftUITests;
			sourceTree = "<group>";
		};
		FB5D28DC8C4F0D39E1966C1B /* Frameworks */ = {
			isa = PBXGroup;
			children = (
				F99DAF6F02571A97143F04A7 /* libPods-FirstSwift.a */,
			);
			name = Frameworks;
			sourceTree = "<group>";
		};
/* End PBXGroup section */

/* Begin PBXNativeTarget section */
		EDE57A7E2504E46900572E83 /* FirstSwift */ = {
			isa = PBXNativeTarget;
			buildConfigurationList = EDE57AA92504E47000572E83 /* Build configuration list for PBXNativeTarget "FirstSwift" */;
			buildPhases = (
				62ED9ADABDF8E7382A00F818 /* [CP] Check Pods Manifest.lock */,
				EDE57A7B2504E46900572E83 /* Sources */,
				EDE57A7C2504E46900572E83 /* Frameworks */,
				EDE57A7D2504E46900572E83 /* Resources */,
				3BABD5C3FB3F2ADDA0330F60 /* [CP] Copy Pods Resources */,
			);
			buildRules = (
			);
			dependencies = (
			);
			name = FirstSwift;
			productName = FirstSwift;
			productReference = EDE57A7F2504E46900572E83 /* FirstSwift.app */;
			productType = "com.apple.product-type.application";
		};
		EDE57A942504E47000572E83 /* FirstSwiftTests */ = {
			isa = PBXNativeTarget;
			buildConfigurationList = EDE57AAC2504E47000572E83 /* Build configuration list for PBXNativeTarget "FirstSwiftTests" */;
			buildPhases = (
				EDE57A912504E47000572E83 /* Sources */,
				EDE57A922504E47000572E83 /* Frameworks */,
				EDE57A932504E47000572E83 /* Resources */,
			);
			buildRules = (
			);
			dependencies = (
				EDE57A972504E47000572E83 /* PBXTargetDependency */,
			);
			name = FirstSwiftTests;
			productName = FirstSwiftTests;
			productReference = EDE57A952504E47000572E83 /* FirstSwiftTests.xctest */;
			productType = "com.apple.product-type.bundle.unit-test";
		};
		EDE57A9F2504E47000572E83 /* FirstSwiftUITests */ = {
			isa = PBXNativeTarget;
			buildConfigurationList = EDE57AAF2504E47000572E83 /* Build configuration list for PBXNativeTarget "FirstSwiftUITests" */;
			buildPhases = (
				EDE57A9C2504E47000572E83 /* Sources */,
				EDE57A9D2504E47000572E83 /* Frameworks */,
				EDE57A9E2504E47000572E83 /* Resources */,
			);
			buildRules = (
			);
			dependencies = (
				EDE57AA22504E47000572E83 /* PBXTargetDependency */,
			);
			name = FirstSwiftUITests;
			productName = FirstSwiftUITests;
			productReference = EDE57AA02504E47000572E83 /* FirstSwiftUITests.xctest */;
			productType = "com.apple.product-type.bundle.ui-testing";
		};
/* End PBXNativeTarget section */

/* Begin PBXProject section */
		EDE57A772504E46900572E83 /* Project object */ = {
			isa = PBXProject;
			attributes = {
				LastSwiftUpdateCheck = 1170;
				LastUpgradeCheck = 1170;
				ORGANIZATIONNAME = tongyuecheng;
				TargetAttributes = {
					EDE57A7E2504E46900572E83 = {
						CreatedOnToolsVersion = 11.7;
					};
					EDE57A942504E47000572E83 = {
						CreatedOnToolsVersion = 11.7;
						TestTargetID = EDE57A7E2504E46900572E83;
					};
					EDE57A9F2504E47000572E83 = {
						CreatedOnToolsVersion = 11.7;
						TestTargetID = EDE57A7E2504E46900572E83;
					};
				};
			};
			buildConfigurationList = EDE57A7A2504E46900572E83 /* Build configuration list for PBXProject "FirstSwift" */;
			compatibilityVersion = "Xcode 9.3";
			developmentRegion = en;
			hasScannedForEncodings = 0;
			knownRegions = (
				en,
				Base,
			);
			mainGroup = EDE57A762504E46900572E83;
			productRefGroup = EDE57A802504E46900572E83 /* Products */;
			projectDirPath = "";
			projectRoot = "";
			targets = (
				EDE57A7E2504E46900572E83 /* FirstSwift */,
				EDE57A942504E47000572E83 /* FirstSwiftTests */,
				EDE57A9F2504E47000572E83 /* FirstSwiftUITests */,
			);
		};
/* End PBXProject section */

/* Begin PBXResourcesBuildPhase section */
		EDE57A7D2504E46900572E83 /* Resources */ = {
			isa = PBXResourcesBuildPhase;
			buildActionMask = 2147483647;
			files = (
				EDE57A8F2504E47000572E83 /* LaunchScreen.storyboard in Resources */,
				EDE57A8C2504E47000572E83 /* Assets.xcassets in Resources */,
				EDE57A8A2504E46900572E83 /* Main.storyboard in Resources */,
			);
			runOnlyForDeploymentPostprocessing = 0;
		};
		EDE57A932504E47000572E83 /* Resources */ = {
			isa = PBXResourcesBuildPhase;
			buildActionMask = 2147483647;
			files = (
			);
			runOnlyForDeploymentPostprocessing = 0;
		};
		EDE57A9E2504E47000572E83 /* Resources */ = {
			isa = PBXResourcesBuildPhase;
			buildActionMask = 2147483647;
			files = (
			);
			runOnlyForDeploymentPostprocessing = 0;
		};
/* End PBXResourcesBuildPhase section */

/* Begin PBXShellScriptBuildPhase section */
		3BABD5C3FB3F2ADDA0330F60 /* [CP] Copy Pods Resources */ = {
			isa = PBXShellScriptBuildPhase;
			buildActionMask = 2147483647;
			files = (
			);
			inputFileListPaths = (
				"${PODS_ROOT}/Target Support Files/Pods-FirstSwift/Pods-FirstSwift-resources-${CONFIGURATION}-input-files.xcfilelist",
			);
			name = "[CP] Copy Pods Resources";
			outputFileListPaths = (
				"${PODS_ROOT}/Target Support Files/Pods-FirstSwift/Pods-FirstSwift-resources-${CONFIGURATION}-output-files.xcfilelist",
			);
			runOnlyForDeploymentPostprocessing = 0;
			shellPath = /bin/sh;
			shellScript = "\"${PODS_ROOT}/Target Support Files/Pods-FirstSwift/Pods-FirstSwift-resources.sh\"\n";
			showEnvVarsInLog = 0;
		};
		62ED9ADABDF8E7382A00F818 /* [CP] Check Pods Manifest.lock */ = {
			isa = PBXShellScriptBuildPhase;
			buildActionMask = 2147483647;
			files = (
			);
			inputFileListPaths = (
			);
			inputPaths = (
				"${PODS_PODFILE_DIR_PATH}/Podfile.lock",
				"${PODS_ROOT}/Manifest.lock",
			);
			name = "[CP] Check Pods Manifest.lock";
			outputFileListPaths = (
			);
			outputPaths = (
				"$(DERIVED_FILE_DIR)/Pods-FirstSwift-checkManifestLockResult.txt",
			);
			runOnlyForDeploymentPostprocessing = 0;
			shellPath = /bin/sh;
			shellScript = "diff \"${PODS_PODFILE_DIR_PATH}/Podfile.lock\" \"${PODS_ROOT}/Manifest.lock\" > /dev/null\nif [ $? != 0 ] ; then\n    # print error to STDERR\n    echo \"error: The sandbox is not in sync with the Podfile.lock. Run 'pod install' or update your CocoaPods installation.\" >&2\n    exit 1\nfi\n# This output is used by Xcode 'outputs' to avoid re-running this script phase.\necho \"SUCCESS\" > \"${SCRIPT_OUTPUT_FILE_0}\"\n";
			showEnvVarsInLog = 0;
		};
/* End PBXShellScriptBuildPhase section */

/* Begin PBXSourcesBuildPhase section */
		EDE57A7B2504E46900572E83 /* Sources */ = {
			isa = PBXSourcesBuildPhase;
			buildActionMask = 2147483647;
			files = (
				ED889C432538332F00CBE2F5 /* CommunityVC.swift in Sources */,
				ED889C552538337700CBE2F5 /* MineVC.swift in Sources */,
				ED889C4B2538334B00CBE2F5 /* HomeVC.swift in Sources */,
				ED889C3725382DF200CBE2F5 /* Global.swift in Sources */,
				EDE57A872504E46900572E83 /* ViewController.swift in Sources */,
				EDDA8B4A2537F5600027995F /* TabBarController.swift in Sources */,
				ED889C2E25382CA500CBE2F5 /* BaseController.swift in Sources */,
				EDE57A832504E46900572E83 /* AppDelegate.swift in Sources */,
				EDDA8B4F2537F6520027995F /* NaviController.swift in Sources */,
				ED889C502538336900CBE2F5 /* BookRackVC.swift in Sources */,
				EDDA8B562537FFB30027995F /* UIColorExtension.swift in Sources */,
				ED889C9C253842A300CBE2F5 /* SceneDelegate.swift in Sources */,
			);
			runOnlyForDeploymentPostprocessing = 0;
		};
		EDE57A912504E47000572E83 /* Sources */ = {
			isa = PBXSourcesBuildPhase;
			buildActionMask = 2147483647;
			files = (
				EDE57A9A2504E47000572E83 /* FirstSwiftTests.swift in Sources */,
			);
			runOnlyForDeploymentPostprocessing = 0;
		};
		EDE57A9C2504E47000572E83 /* Sources */ = {
			isa = PBXSourcesBuildPhase;
			buildActionMask = 2147483647;
			files = (
				EDE57AA52504E47000572E83 /* FirstSwiftUITests.swift in Sources */,
			);
			runOnlyForDeploymentPostprocessing = 0;
		};
/* End PBXSourcesBuildPhase section */

/* Begin PBXTargetDependency section */
		EDE57A972504E47000572E83 /* PBXTargetDependency */ = {
			isa = PBXTargetDependency;
			target = EDE57A7E2504E46900572E83 /* FirstSwift */;
			targetProxy = EDE57A962504E47000572E83 /* PBXContainerItemProxy */;
		};
		EDE57AA22504E47000572E83 /* PBXTargetDependency */ = {
			isa = PBXTargetDependency;
			target = EDE57A7E2504E46900572E83 /* FirstSwift */;
			targetProxy = EDE57AA12504E47000572E83 /* PBXContainerItemProxy */;
		};
/* End PBXTargetDependency section */

/* Begin PBXVariantGroup section */
		EDE57A882504E46900572E83 /* Main.storyboard */ = {
			isa = PBXVariantGroup;
			children = (
				EDE57A892504E46900572E83 /* Base */,
			);
			name = Main.storyboard;
			sourceTree = "<group>";
		};
		EDE57A8D2504E47000572E83 /* LaunchScreen.storyboard */ = {
			isa = PBXVariantGroup;
			children = (
				EDE57A8E2504E47000572E83 /* Base */,
			);
			name = LaunchScreen.storyboard;
			sourceTree = "<group>";
		};
/* End PBXVariantGroup section */

/* Begin XCBuildConfiguration section */
		EDE57AA72504E47000572E83 /* Debug */ = {
			isa = XCBuildConfiguration;
			buildSettings = {
				ALWAYS_SEARCH_USER_PATHS = NO;
				CLANG_ANALYZER_NONNULL = YES;
				CLANG_ANALYZER_NUMBER_OBJECT_CONVERSION = YES_AGGRESSIVE;
				CLANG_CXX_LANGUAGE_STANDARD = "gnu++14";
				CLANG_CXX_LIBRARY = "libc++";
				CLANG_ENABLE_MODULES = YES;
				CLANG_ENABLE_OBJC_ARC = YES;
				CLANG_ENABLE_OBJC_WEAK = YES;
				CLANG_WARN_BLOCK_CAPTURE_AUTORELEASING = YES;
				CLANG_WARN_BOOL_CONVERSION = YES;
				CLANG_WARN_COMMA = YES;
				CLANG_WARN_CONSTANT_CONVERSION = YES;
				CLANG_WARN_DEPRECATED_OBJC_IMPLEMENTATIONS = YES;
				CLANG_WARN_DIRECT_OBJC_ISA_USAGE = YES_ERROR;
				CLANG_WARN_DOCUMENTATION_COMMENTS = YES;
				CLANG_WARN_EMPTY_BODY = YES;
				CLANG_WARN_ENUM_CONVERSION = YES;
				CLANG_WARN_INFINITE_RECURSION = YES;
				CLANG_WARN_INT_CONVERSION = YES;
				CLANG_WARN_NON_LITERAL_NULL_CONVERSION = YES;
				CLANG_WARN_OBJC_IMPLICIT_RETAIN_SELF = YES;
				CLANG_WARN_OBJC_LITERAL_CONVERSION = YES;
				CLANG_WARN_OBJC_ROOT_CLASS = YES_ERROR;
				CLANG_WARN_RANGE_LOOP_ANALYSIS = YES;
				CLANG_WARN_STRICT_PROTOTYPES = YES;
				CLANG_WARN_SUSPICIOUS_MOVE = YES;
				CLANG_WARN_UNGUARDED_AVAILABILITY = YES_AGGRESSIVE;
				CLANG_WARN_UNREACHABLE_CODE = YES;
				CLANG_WARN__DUPLICATE_METHOD_MATCH = YES;
				COPY_PHASE_STRIP = NO;
				DEBUG_INFORMATION_FORMAT = dwarf;
				ENABLE_STRICT_OBJC_MSGSEND = YES;
				ENABLE_TESTABILITY = YES;
				GCC_C_LANGUAGE_STANDARD = gnu11;
				GCC_DYNAMIC_NO_PIC = NO;
				GCC_NO_COMMON_BLOCKS = YES;
				GCC_OPTIMIZATION_LEVEL = 0;
				GCC_PREPROCESSOR_DEFINITIONS = (
					"DEBUG=1",
					"$(inherited)",
				);
				GCC_WARN_64_TO_32_BIT_CONVERSION = YES;
				GCC_WARN_ABOUT_RETURN_TYPE = YES_ERROR;
				GCC_WARN_UNDECLARED_SELECTOR = YES;
				GCC_WARN_UNINITIALIZED_AUTOS = YES_AGGRESSIVE;
				GCC_WARN_UNUSED_FUNCTION = YES;
				GCC_WARN_UNUSED_VARIABLE = YES;
				IPHONEOS_DEPLOYMENT_TARGET = 13.7;
				MTL_ENABLE_DEBUG_INFO = INCLUDE_SOURCE;
				MTL_FAST_MATH = YES;
				ONLY_ACTIVE_ARCH = YES;
				SDKROOT = iphoneos;
				SWIFT_ACTIVE_COMPILATION_CONDITIONS = DEBUG;
				SWIFT_OPTIMIZATION_LEVEL = "-Onone";
			};
			name = Debug;
		};
		EDE57AA82504E47000572E83 /* Release */ = {
			isa = XCBuildConfiguration;
			buildSettings = {
				ALWAYS_SEARCH_USER_PATHS = NO;
				CLANG_ANALYZER_NONNULL = YES;
				CLANG_ANALYZER_NUMBER_OBJECT_CONVERSION = YES_AGGRESSIVE;
				CLANG_CXX_LANGUAGE_STANDARD = "gnu++14";
				CLANG_CXX_LIBRARY = "libc++";
				CLANG_ENABLE_MODULES = YES;
				CLANG_ENABLE_OBJC_ARC = YES;
				CLANG_ENABLE_OBJC_WEAK = YES;
				CLANG_WARN_BLOCK_CAPTURE_AUTORELEASING = YES;
				CLANG_WARN_BOOL_CONVERSION = YES;
				CLANG_WARN_COMMA = YES;
				CLANG_WARN_CONSTANT_CONVERSION = YES;
				CLANG_WARN_DEPRECATED_OBJC_IMPLEMENTATIONS = YES;
				CLANG_WARN_DIRECT_OBJC_ISA_USAGE = YES_ERROR;
				CLANG_WARN_DOCUMENTATION_COMMENTS = YES;
				CLANG_WARN_EMPTY_BODY = YES;
				CLANG_WARN_ENUM_CONVERSION = YES;
				CLANG_WARN_INFINITE_RECURSION = YES;
				CLANG_WARN_INT_CONVERSION = YES;
				CLANG_WARN_NON_LITERAL_NULL_CONVERSION = YES;
				CLANG_WARN_OBJC_IMPLICIT_RETAIN_SELF = YES;
				CLANG_WARN_OBJC_LITERAL_CONVERSION = YES;
				CLANG_WARN_OBJC_ROOT_CLASS = YES_ERROR;
				CLANG_WARN_RANGE_LOOP_ANALYSIS = YES;
				CLANG_WARN_STRICT_PROTOTYPES = YES;
				CLANG_WARN_SUSPICIOUS_MOVE = YES;
				CLANG_WARN_UNGUARDED_AVAILABILITY = YES_AGGRESSIVE;
				CLANG_WARN_UNREACHABLE_CODE = YES;
				CLANG_WARN__DUPLICATE_METHOD_MATCH = YES;
				COPY_PHASE_STRIP = NO;
				DEBUG_INFORMATION_FORMAT = "dwarf-with-dsym";
				ENABLE_NS_ASSERTIONS = NO;
				ENABLE_STRICT_OBJC_MSGSEND = YES;
				GCC_C_LANGUAGE_STANDARD = gnu11;
				GCC_NO_COMMON_BLOCKS = YES;
				GCC_WARN_64_TO_32_BIT_CONVERSION = YES;
				GCC_WARN_ABOUT_RETURN_TYPE = YES_ERROR;
				GCC_WARN_UNDECLARED_SELECTOR = YES;
				GCC_WARN_UNINITIALIZED_AUTOS = YES_AGGRESSIVE;
				GCC_WARN_UNUSED_FUNCTION = YES;
				GCC_WARN_UNUSED_VARIABLE = YES;
				IPHONEOS_DEPLOYMENT_TARGET = 13.7;
				MTL_ENABLE_DEBUG_INFO = NO;
				MTL_FAST_MATH = YES;
				SDKROOT = iphoneos;
				SWIFT_COMPILATION_MODE = wholemodule;
				SWIFT_OPTIMIZATION_LEVEL = "-O";
				VALIDATE_PRODUCT = YES;
			};
			name = Release;
		};
		EDE57AAA2504E47000572E83 /* Debug */ = {
			isa = XCBuildConfiguration;
			baseConfigurationReference = A0D8BD94B941BA94EAA9A2CB /* Pods-FirstSwift.debug.xcconfig */;
			buildSettings = {
				ASSETCATALOG_COMPILER_APPICON_NAME = AppIcon;
				CODE_SIGN_STYLE = Automatic;
				DEVELOPMENT_TEAM = JFJ4NV9CLE;
				INFOPLIST_FILE = FirstSwift/Info.plist;
				LD_RUNPATH_SEARCH_PATHS = (
					"$(inherited)",
					"@executable_path/Frameworks",
				);
				PRODUCT_BUNDLE_IDENTIFIER = com..FirstSwift;
				PRODUCT_NAME = "$(TARGET_NAME)";
				SWIFT_VERSION = 5.0;
				TARGETED_DEVICE_FAMILY = "1,2";
			};
			name = Debug;
		};
		EDE57AAB2504E47000572E83 /* Release */ = {
			isa = XCBuildConfiguration;
			baseConfigurationReference = 69B6CD554E2B82699547D672 /* Pods-FirstSwift.release.xcconfig */;
			buildSettings = {
				ASSETCATALOG_COMPILER_APPICON_NAME = AppIcon;
				CODE_SIGN_STYLE = Automatic;
				DEVELOPMENT_TEAM = JFJ4NV9CLE;
				INFOPLIST_FILE = FirstSwift/Info.plist;
				LD_RUNPATH_SEARCH_PATHS = (
					"$(inherited)",
					"@executable_path/Frameworks",
				);
				PRODUCT_BUNDLE_IDENTIFIER = com..FirstSwift;
				PRODUCT_NAME = "$(TARGET_NAME)";
				SWIFT_VERSION = 5.0;
				TARGETED_DEVICE_FAMILY = "1,2";
			};
			name = Release;
		};
		EDE57AAD2504E47000572E83 /* Debug */ = {
			isa = XCBuildConfiguration;
			buildSettings = {
				ALWAYS_EMBED_SWIFT_STANDARD_LIBRARIES = YES;
				BUNDLE_LOADER = "$(TEST_HOST)";
				CODE_SIGN_STYLE = Automatic;
				DEVELOPMENT_TEAM = JFJ4NV9CLE;
				INFOPLIST_FILE = FirstSwiftTests/Info.plist;
				IPHONEOS_DEPLOYMENT_TARGET = 13.7;
				LD_RUNPATH_SEARCH_PATHS = (
					"$(inherited)",
					"@executable_path/Frameworks",
					"@loader_path/Frameworks",
				);
				PRODUCT_BUNDLE_IDENTIFIER = com..FirstSwiftTests;
				PRODUCT_NAME = "$(TARGET_NAME)";
				SWIFT_VERSION = 5.0;
				TARGETED_DEVICE_FAMILY = "1,2";
				TEST_HOST = "$(BUILT_PRODUCTS_DIR)/FirstSwift.app/FirstSwift";
			};
			name = Debug;
		};
		EDE57AAE2504E47000572E83 /* Release */ = {
			isa = XCBuildConfiguration;
			buildSettings = {
				ALWAYS_EMBED_SWIFT_STANDARD_LIBRARIES = YES;
				BUNDLE_LOADER = "$(TEST_HOST)";
				CODE_SIGN_STYLE = Automatic;
				DEVELOPMENT_TEAM = JFJ4NV9CLE;
				INFOPLIST_FILE = FirstSwiftTests/Info.plist;
				IPHONEOS_DEPLOYMENT_TARGET = 13.7;
				LD_RUNPATH_SEARCH_PATHS = (
					"$(inherited)",
					"@executable_path/Frameworks",
					"@loader_path/Frameworks",
				);
				PRODUCT_BUNDLE_IDENTIFIER = com..FirstSwiftTests;
				PRODUCT_NAME = "$(TARGET_NAME)";
				SWIFT_VERSION = 5.0;
				TARGETED_DEVICE_FAMILY = "1,2";
				TEST_HOST = "$(BUILT_PRODUCTS_DIR)/FirstSwift.app/FirstSwift";
			};
			name = Release;
		};
		EDE57AB02504E47000572E83 /* Debug */ = {
			isa = XCBuildConfiguration;
			buildSettings = {
				ALWAYS_EMBED_SWIFT_STANDARD_LIBRARIES = YES;
				CODE_SIGN_STYLE = Automatic;
				DEVELOPMENT_TEAM = JFJ4NV9CLE;
				INFOPLIST_FILE = FirstSwiftUITests/Info.plist;
				LD_RUNPATH_SEARCH_PATHS = (
					"$(inherited)",
					"@executable_path/Frameworks",
					"@loader_path/Frameworks",
				);
				PRODUCT_BUNDLE_IDENTIFIER = com..FirstSwiftUITests;
				PRODUCT_NAME = "$(TARGET_NAME)";
				SWIFT_VERSION = 5.0;
				TARGETED_DEVICE_FAMILY = "1,2";
				TEST_TARGET_NAME = FirstSwift;
			};
			name = Debug;
		};
		EDE57AB12504E47000572E83 /* Release */ = {
			isa = XCBuildConfiguration;
			buildSettings = {
				ALWAYS_EMBED_SWIFT_STANDARD_LIBRARIES = YES;
				CODE_SIGN_STYLE = Automatic;
				DEVELOPMENT_TEAM = JFJ4NV9CLE;
				INFOPLIST_FILE = FirstSwiftUITests/Info.plist;
				LD_RUNPATH_SEARCH_PATHS = (
					"$(inherited)",
					"@executable_path/Frameworks",
					"@loader_path/Frameworks",
				);
				PRODUCT_BUNDLE_IDENTIFIER = com..FirstSwiftUITests;
				PRODUCT_NAME = "$(TARGET_NAME)";
				SWIFT_VERSION = 5.0;
				TARGETED_DEVICE_FAMILY = "1,2";
				TEST_TARGET_NAME = FirstSwift;
			};
			name = Release;
		};
/* End XCBuildConfiguration section */

/* Begin XCConfigurationList section */
		EDE57A7A2504E46900572E83 /* Build configuration list for PBXProject "FirstSwift" */ = {
			isa = XCConfigurationList;
			buildConfigurations = (
				EDE57AA72504E47000572E83 /* Debug */,
				EDE57AA82504E47000572E83 /* Release */,
			);
			defaultConfigurationIsVisible = 0;
			defaultConfigurationName = Release;
		};
		EDE57AA92504E47000572E83 /* Build configuration list for PBXNativeTarget "FirstSwift" */ = {
			isa = XCConfigurationList;
			buildConfigurations = (
				EDE57AAA2504E47000572E83 /* Debug */,
				EDE57AAB2504E47000572E83 /* Release */,
			);
			defaultConfigurationIsVisible = 0;
			defaultConfigurationName = Release;
		};
		EDE57AAC2504E47000572E83 /* Build configuration list for PBXNativeTarget "FirstSwiftTests" */ = {
			isa = XCConfigurationList;
			buildConfigurations = (
				EDE57AAD2504E47000572E83 /* Debug */,
				EDE57AAE2504E47000572E83 /* Release */,
			);
			defaultConfigurationIsVisible = 0;
			defaultConfigurationName = Release;
		};
		EDE57AAF2504E47000572E83 /* Build configuration list for PBXNativeTarget "FirstSwiftUITests" */ = {
			isa = XCConfigurationList;
			buildConfigurations = (
				EDE57AB02504E47000572E83 /* Debug */,
				EDE57AB12504E47000572E83 /* Release */,
			);
			defaultConfigurationIsVisible = 0;
			defaultConfigurationName = Release;
		};
/* End XCConfigurationList section */
	};
	rootObject = EDE57A772504E46900572E83 /* Project object */;
}
